// !$*UTF8*$!
{
	archiveVersion = 1;
	classes = {
	};
	objectVersion = 56;
	objects = {

/* Begin PBXBuildFile section */
		63646DA22ABDA32100C0CD6E /* AppDelegate.swift in Sources */ = {isa = PBXBuildFile; fileRef = 63646DA12ABDA32100C0CD6E /* AppDelegate.swift */; };
		63646DA42ABDA32100C0CD6E /* SceneDelegate.swift in Sources */ = {isa = PBXBuildFile; fileRef = 63646DA32ABDA32100C0CD6E /* SceneDelegate.swift */; };
		63646DA62ABDA32100C0CD6E /* ViewController.swift in Sources */ = {isa = PBXBuildFile; fileRef = 63646DA52ABDA32100C0CD6E /* ViewController.swift */; };
		63646DA92ABDA32100C0CD6E /* Main.storyboard in Resources */ = {isa = PBXBuildFile; fileRef = 63646DA72ABDA32100C0CD6E /* Main.storyboard */; };
		63646DAB2ABDA32200C0CD6E /* Assets.xcassets in Resources */ = {isa = PBXBuildFile; fileRef = 63646DAA2ABDA32200C0CD6E /* Assets.xcassets */; };
		63646DAE2ABDA32200C0CD6E /* LaunchScreen.storyboard in Resources */ = {isa = PBXBuildFile; fileRef = 63646DAC2ABDA32200C0CD6E /* LaunchScreen.storyboard */; };
		63646DB92ABDA32300C0CD6E /* PrimerProyectoTests.swift in Sources */ = {isa = PBXBuildFile; fileRef = 63646DB82ABDA32300C0CD6E /* PrimerProyectoTests.swift */; };
		63646DC32ABDA32300C0CD6E /* PrimerProyectoUITests.swift in Sources */ = {isa = PBXBuildFile; fileRef = 63646DC22ABDA32300C0CD6E /* PrimerProyectoUITests.swift */; };
		63646DC52ABDA32300C0CD6E /* PrimerProyectoUITestsLaunchTests.swift in Sources */ = {isa = PBXBuildFile; fileRef = 63646DC42ABDA32300C0CD6E /* PrimerProyectoUITestsLaunchTests.swift */; };
/* End PBXBuildFile section */

/* Begin PBXContainerItemProxy section */
		63646DB52ABDA32300C0CD6E /* PBXContainerItemProxy */ = {
			isa = PBXContainerItemProxy;
			containerPortal = 63646D962ABDA32100C0CD6E /* Project object */;
			proxyType = 1;
			remoteGlobalIDString = 63646D9D2ABDA32100C0CD6E;
			remoteInfo = PrimerProyecto;
		};
		63646DBF2ABDA32300C0CD6E /* PBXContainerItemProxy */ = {
			isa = PBXContainerItemProxy;
			containerPortal = 63646D962ABDA32100C0CD6E /* Project object */;
			proxyType = 1;
			remoteGlobalIDString = 63646D9D2ABDA32100C0CD6E;
			remoteInfo = PrimerProyecto;
		};
/* End PBXContainerItemProxy section */

/* Begin PBXFileReference section */
		63646D9E2ABDA32100C0CD6E /* PrimerProyecto.app */ = {isa = PBXFileReference; explicitFileType = wrapper.application; includeInIndex = 0; path = PrimerProyecto.app; sourceTree = BUILT_PRODUCTS_DIR; };
		63646DA12ABDA32100C0CD6E /* AppDelegate.swift */ = {isa = PBXFileReference; lastKnownFileType = sourcecode.swift; path = AppDelegate.swift; sourceTree = "<group>"; };
		63646DA32ABDA32100C0CD6E /* SceneDelegate.swift */ = {isa = PBXFileReference; lastKnownFileType = sourcecode.swift; path = SceneDelegate.swift; sourceTree = "<group>"; };
		63646DA52ABDA32100C0CD6E /* ViewController.swift */ = {isa = PBXFileReference; lastKnownFileType = sourcecode.swift; path = ViewController.swift; sourceTree = "<group>"; };
		63646DA82ABDA32100C0CD6E /* Base */ = {isa = PBXFileReference; lastKnownFileType = file.storyboard; name = Base; path = Base.lproj/Main.storyboard; sourceTree = "<group>"; };
		63646DAA2ABDA32200C0CD6E /* Assets.xcassets */ = {isa = PBXFileReference; lastKnownFileType = folder.assetcatalog; path = Assets.xcassets; sourceTree = "<group>"; };
		63646DAD2ABDA32200C0CD6E /* Base */ = {isa = PBXFileReference; lastKnownFileType = file.storyboard; name = Base; path = Base.lproj/LaunchScreen.storyboard; sourceTree = "<group>"; };
		63646DAF2ABDA32200C0CD6E /* Info.plist */ = {isa = PBXFileReference; lastKnownFileType = text.plist.xml; path = Info.plist; sourceTree = "<group>"; };
		63646DB42ABDA32300C0CD6E /* PrimerProyectoTests.xctest */ = {isa = PBXFileReference; explicitFileType = wrapper.cfbundle; includeInIndex = 0; path = PrimerProyectoTests.xctest; sourceTree = BUILT_PRODUCTS_DIR; };
		63646DB82ABDA32300C0CD6E /* PrimerProyectoTests.swift */ = {isa = PBXFileReference; lastKnownFileType = sourcecode.swift; path = PrimerProyectoTests.swift; sourceTree = "<group>"; };
		63646DBE2ABDA32300C0CD6E /* PrimerProyectoUITests.xctest */ = {isa = PBXFileReference; explicitFileType = wrapper.cfbundle; includeInIndex = 0; path = PrimerProyectoUITests.xctest; sourceTree = BUILT_PRODUCTS_DIR; };
		63646DC22ABDA32300C0CD6E /* PrimerProyectoUITests.swift */ = {isa = PBXFileReference; lastKnownFileType = sourcecode.swift; path = PrimerProyectoUITests.swift; sourceTree = "<group>"; };
		63646DC42ABDA32300C0CD6E /* PrimerProyectoUITestsLaunchTests.swift */ = {isa = PBXFileReference; lastKnownFileType = sourcecode.swift; path = PrimerProyectoUITestsLaunchTests.swift; sourceTree = "<group>"; };
/* End PBXFileReference section */

/* Begin PBXFrameworksBuildPhase section */
		63646D9B2ABDA32100C0CD6E /* Frameworks */ = {
			isa = PBXFrameworksBuildPhase;
			buildActionMask = 2147483647;
			files = (
			);
			runOnlyForDeploymentPostprocessing = 0;
		};
		63646DB12ABDA32300C0CD6E /* Frameworks */ = {
			isa = PBXFrameworksBuildPhase;
			buildActionMask = 2147483647;
			files = (
			);
			runOnlyForDeploymentPostprocessing = 0;
		};
		63646DBB2ABDA32300C0CD6E /* Frameworks */ = {
			isa = PBXFrameworksBuildPhase;
			buildActionMask = 2147483647;
			files = (
			);
			runOnlyForDeploymentPostprocessing = 0;
		};
/* End PBXFrameworksBuildPhase section */

/* Begin PBXGroup section */
		63646D952ABDA32100C0CD6E = {
			isa = PBXGroup;
			children = (
				63646DA02ABDA32100C0CD6E /* PrimerProyecto */,
				63646DB72ABDA32300C0CD6E /* PrimerProyectoTests */,
				63646DC12ABDA32300C0CD6E /* PrimerProyectoUITests */,
				63646D9F2ABDA32100C0CD6E /* Products */,
			);
			sourceTree = "<group>";
		};
		63646D9F2ABDA32100C0CD6E /* Products */ = {
			isa = PBXGroup;
			children = (
				63646D9E2ABDA32100C0CD6E /* PrimerProyecto.app */,
				63646DB42ABDA32300C0CD6E /* PrimerProyectoTests.xctest */,
				63646DBE2ABDA32300C0CD6E /* PrimerProyectoUITests.xctest */,
			);
			name = Products;
			sourceTree = "<group>";
		};
		63646DA02ABDA32100C0CD6E /* PrimerProyecto */ = {
			isa = PBXGroup;
			children = (
				63646DA12ABDA32100C0CD6E /* AppDelegate.swift */,
				63646DA32ABDA32100C0CD6E /* SceneDelegate.swift */,
				63646DA52ABDA32100C0CD6E /* ViewController.swift */,
				63646DA72ABDA32100C0CD6E /* Main.storyboard */,
				63646DAA2ABDA32200C0CD6E /* Assets.xcassets */,
				63646DAC2ABDA32200C0CD6E /* LaunchScreen.storyboard */,
				63646DAF2ABDA32200C0CD6E /* Info.plist */,
			);
			path = PrimerProyecto;
			sourceTree = "<group>";
		};
		63646DB72ABDA32300C0CD6E /* PrimerProyectoTests */ = {
			isa = PBXGroup;
			children = (
				63646DB82ABDA32300C0CD6E /* PrimerProyectoTests.swift */,
			);
			path = PrimerProyectoTests;
			sourceTree = "<group>";
		};
		63646DC12ABDA32300C0CD6E /* PrimerProyectoUITests */ = {
			isa = PBXGroup;
			children = (
				63646DC22ABDA32300C0CD6E /* PrimerProyectoUITests.swift */,
				63646DC42ABDA32300C0CD6E /* PrimerProyectoUITestsLaunchTests.swift */,
			);
			path = PrimerProyectoUITests;
			sourceTree = "<group>";
		};
/* End PBXGroup section */

/* Begin PBXNativeTarget section */
		63646D9D2ABDA32100C0CD6E /* PrimerProyecto */ = {
			isa = PBXNativeTarget;
			buildConfigurationList = 63646DC82ABDA32300C0CD6E /* Build configuration list for PBXNativeTarget "PrimerProyecto" */;
			buildPhases = (
				63646D9A2ABDA32100C0CD6E /* Sources */,
				63646D9B2ABDA32100C0CD6E /* Frameworks */,
				63646D9C2ABDA32100C0CD6E /* Resources */,
			);
			buildRules = (
			);
			dependencies = (
			);
			name = PrimerProyecto;
			productName = PrimerProyecto;
			productReference = 63646D9E2ABDA32100C0CD6E /* PrimerProyecto.app */;
			productType = "com.apple.product-type.application";
		};
		63646DB32ABDA32300C0CD6E /* PrimerProyectoTests */ = {
			isa = PBXNativeTarget;
			buildConfigurationList = 63646DCB2ABDA32300C0CD6E /* Build configuration list for PBXNativeTarget "PrimerProyectoTests" */;
			buildPhases = (
				63646DB02ABDA32300C0CD6E /* Sources */,
				63646DB12ABDA32300C0CD6E /* Frameworks */,
				63646DB22ABDA32300C0CD6E /* Resources */,
			);
			buildRules = (
			);
			dependencies = (
				63646DB62ABDA32300C0CD6E /* PBXTargetDependency */,
			);
			name = PrimerProyectoTests;
			productName = PrimerProyectoTests;
			productReference = 63646DB42ABDA32300C0CD6E /* PrimerProyectoTests.xctest */;
			productType = "com.apple.product-type.bundle.unit-test";
		};
		63646DBD2ABDA32300C0CD6E /* PrimerProyectoUITests */ = {
			isa = PBXNativeTarget;
			buildConfigurationList = 63646DCE2ABDA32300C0CD6E /* Build configuration list for PBXNativeTarget "PrimerProyectoUITests" */;
			buildPhases = (
				63646DBA2ABDA32300C0CD6E /* Sources */,
				63646DBB2ABDA32300C0CD6E /* Frameworks */,
				63646DBC2ABDA32300C0CD6E /* Resources */,
			);
			buildRules = (
			);
			dependencies = (
				63646DC02ABDA32300C0CD6E /* PBXTargetDependency */,
			);
			name = PrimerProyectoUITests;
			productName = PrimerProyectoUITests;
			productReference = 63646DBE2ABDA32300C0CD6E /* PrimerProyectoUITests.xctest */;
			productType = "com.apple.product-type.bundle.ui-testing";
		};
/* End PBXNativeTarget section */

/* Begin PBXProject section */
		63646D962ABDA32100C0CD6E /* Project object */ = {
			isa = PBXProject;
			attributes = {
				BuildIndependentTargetsInParallel = 1;
				LastSwiftUpdateCheck = 1500;
				LastUpgradeCheck = 1500;
				TargetAttributes = {
					63646D9D2ABDA32100C0CD6E = {
						CreatedOnToolsVersion = 15.0;
					};
					63646DB32ABDA32300C0CD6E = {
						CreatedOnToolsVersion = 15.0;
						TestTargetID = 63646D9D2ABDA32100C0CD6E;
					};
					63646DBD2ABDA32300C0CD6E = {
						CreatedOnToolsVersion = 15.0;
						TestTargetID = 63646D9D2ABDA32100C0CD6E;
					};
				};
			};
			buildConfigurationList = 63646D992ABDA32100C0CD6E /* Build configuration list for PBXProject "PrimerProyecto" */;
			compatibilityVersion = "Xcode 14.0";
			developmentRegion = en;
			hasScannedForEncodings = 0;
			knownRegions = (
				en,
				Base,
			);
			mainGroup = 63646D952ABDA32100C0CD6E;
			productRefGroup = 63646D9F2ABDA32100C0CD6E /* Products */;
			projectDirPath = "";
			projectRoot = "";
			targets = (
				63646D9D2ABDA32100C0CD6E /* PrimerProyecto */,
				63646DB32ABDA32300C0CD6E /* PrimerProyectoTests */,
				63646DBD2ABDA32300C0CD6E /* PrimerProyectoUITests */,
			);
		};
/* End PBXProject section */

/* Begin PBXResourcesBuildPhase section */
		63646D9C2ABDA32100C0CD6E /* Resources */ = {
			isa = PBXResourcesBuildPhase;
			buildActionMask = 2147483647;
			files = (
				63646DAE2ABDA32200C0CD6E /* LaunchScreen.storyboard in Resources */,
				63646DAB2ABDA32200C0CD6E /* Assets.xcassets in Resources */,
				63646DA92ABDA32100C0CD6E /* Main.storyboard in Resources */,
			);
			runOnlyForDeploymentPostprocessing = 0;
		};
		63646DB22ABDA32300C0CD6E /* Resources */ = {
			isa = PBXResourcesBuildPhase;
			buildActionMask = 2147483647;
			files = (
			);
			runOnlyForDeploymentPostprocessing = 0;
		};
		63646DBC2ABDA32300C0CD6E /* Resources */ = {
			isa = PBXResourcesBuildPhase;
			buildActionMask = 2147483647;
			files = (
			);
			runOnlyForDeploymentPostprocessing = 0;
		};
/* End PBXResourcesBuildPhase section */

/* Begin PBXSourcesBuildPhase section */
		63646D9A2ABDA32100C0CD6E /* Sources */ = {
			isa = PBXSourcesBuildPhase;
			buildActionMask = 2147483647;
			files = (
				63646DA62ABDA32100C0CD6E /* ViewController.swift in Sources */,
				63646DA22ABDA32100C0CD6E /* AppDelegate.swift in Sources */,
				63646DA42ABDA32100C0CD6E /* SceneDelegate.swift in Sources */,
			);
			runOnlyForDeploymentPostprocessing = 0;
		};
		63646DB02ABDA32300C0CD6E /* Sources */ = {
			isa = PBXSourcesBuildPhase;
			buildActionMask = 2147483647;
			files = (
				63646DB92ABDA32300C0CD6E /* PrimerProyectoTests.swift in Sources */,
			);
			runOnlyForDeploymentPostprocessing = 0;
		};
		63646DBA2ABDA32300C0CD6E /* Sources */ = {
			isa = PBXSourcesBuildPhase;
			buildActionMask = 2147483647;
			files = (
				63646DC52ABDA32300C0CD6E /* PrimerProyectoUITestsLaunchTests.swift in Sources */,
				63646DC32ABDA32300C0CD6E /* PrimerProyectoUITests.swift in Sources */,
			);
			runOnlyForDeploymentPostprocessing = 0;
		};
/* End PBXSourcesBuildPhase section */

/* Begin PBXTargetDependency section */
		63646DB62ABDA32300C0CD6E /* PBXTargetDependency */ = {
			isa = PBXTargetDependency;
			target = 63646D9D2ABDA32100C0CD6E /* PrimerProyecto */;
			targetProxy = 63646DB52ABDA32300C0CD6E /* PBXContainerItemProxy */;
		};
		63646DC02ABDA32300C0CD6E /* PBXTargetDependency */ = {
			isa = PBXTargetDependency;
			target = 63646D9D2ABDA32100C0CD6E /* PrimerProyecto */;
			targetProxy = 63646DBF2ABDA32300C0CD6E /* PBXContainerItemProxy */;
		};
/* End PBXTargetDependency section */

/* Begin PBXVariantGroup section */
		63646DA72ABDA32100C0CD6E /* Main.storyboard */ = {
			isa = PBXVariantGroup;
			children = (
				63646DA82ABDA32100C0CD6E /* Base */,
			);
			name = Main.storyboard;
			sourceTree = "<group>";
		};
		63646DAC2ABDA32200C0CD6E /* LaunchScreen.storyboard */ = {
			isa = PBXVariantGroup;
			children = (
				63646DAD2ABDA32200C0CD6E /* Base */,
			);
			name = LaunchScreen.storyboard;
			sourceTree = "<group>";
		};
/* End PBXVariantGroup section */

/* Begin XCBuildConfiguration section */
		63646DC62ABDA32300C0CD6E /* Debug */ = {
			isa = XCBuildConfiguration;
			buildSettings = {
				ALWAYS_SEARCH_USER_PATHS = NO;
				ASSETCATALOG_COMPILER_GENERATE_SWIFT_ASSET_SYMBOL_EXTENSIONS = YES;
				CLANG_ANALYZER_NONNULL = YES;
				CLANG_ANALYZER_NUMBER_OBJECT_CONVERSION = YES_AGGRESSIVE;
				CLANG_CXX_LANGUAGE_STANDARD = "gnu++20";
				CLANG_ENABLE_MODULES = YES;
				CLANG_ENABLE_OBJC_ARC = YES;
				CLANG_ENABLE_OBJC_WEAK = YES;
				CLANG_WARN_BLOCK_CAPTURE_AUTORELEASING = YES;
				CLANG_WARN_BOOL_CONVERSION = YES;
				CLANG_WARN_COMMA = YES;
				CLANG_WARN_CONSTANT_CONVERSION = YES;
				CLANG_WARN_DEPRECATED_OBJC_IMPLEMENTATIONS = YES;
				CLANG_WARN_DIRECT_OBJC_ISA_USAGE = YES_ERROR;
				CLANG_WARN_DOCUMENTATION_COMMENTS = YES;
				CLANG_WARN_EMPTY_BODY = YES;
				CLANG_WARN_ENUM_CONVERSION = YES;
				CLANG_WARN_INFINITE_RECURSION = YES;
				CLANG_WARN_INT_CONVERSION = YES;
				CLANG_WARN_NON_LITERAL_NULL_CONVERSION = YES;
				CLANG_WARN_OBJC_IMPLICIT_RETAIN_SELF = YES;
				CLANG_WARN_OBJC_LITERAL_CONVERSION = YES;
				CLANG_WARN_OBJC_ROOT_CLASS = YES_ERROR;
				CLANG_WARN_QUOTED_INCLUDE_IN_FRAMEWORK_HEADER = YES;
				CLANG_WARN_RANGE_LOOP_ANALYSIS = YES;
				CLANG_WARN_STRICT_PROTOTYPES = YES;
				CLANG_WARN_SUSPICIOUS_MOVE = YES;
				CLANG_WARN_UNGUARDED_AVAILABILITY = YES_AGGRESSIVE;
				CLANG_WARN_UNREACHABLE_CODE = YES;
				CLANG_WARN__DUPLICATE_METHOD_MATCH = YES;
				COPY_PHASE_STRIP = NO;
				DEBUG_INFORMATION_FORMAT = dwarf;
				ENABLE_STRICT_OBJC_MSGSEND = YES;
				ENABLE_TESTABILITY = YES;
				ENABLE_USER_SCRIPT_SANDBOXING = YES;
				GCC_C_LANGUAGE_STANDARD = gnu17;
				GCC_DYNAMIC_NO_PIC = NO;
				GCC_NO_COMMON_BLOCKS = YES;
				GCC_OPTIMIZATION_LEVEL = 0;
				GCC_PREPROCESSOR_DEFINITIONS = (
					"DEBUG=1",
					"$(inherited)",
				);
				GCC_WARN_64_TO_32_BIT_CONVERSION = YES;
				GCC_WARN_ABOUT_RETURN_TYPE = YES_ERROR;
				GCC_WARN_UNDECLARED_SELECTOR = YES;
				GCC_WARN_UNINITIALIZED_AUTOS = YES_AGGRESSIVE;
				GCC_WARN_UNUSED_FUNCTION = YES;
				GCC_WARN_UNUSED_VARIABLE = YES;
				IPHONEOS_DEPLOYMENT_TARGET = 17.0;
				LOCALIZATION_PREFERS_STRING_CATALOGS = YES;
				MTL_ENABLE_DEBUG_INFO = INCLUDE_SOURCE;
				MTL_FAST_MATH = YES;
				ONLY_ACTIVE_ARCH = YES;
				SDKROOT = iphoneos;
				SWIFT_ACTIVE_COMPILATION_CONDITIONS = "DEBUG $(inherited)";
				SWIFT_OPTIMIZATION_LEVEL = "-Onone";
			};
			name = Debug;
		};
		63646DC72ABDA32300C0CD6E /* Release */ = {
			isa = XCBuildConfiguration;
			buildSettings = {
				ALWAYS_SEARCH_USER_PATHS = NO;
				ASSETCATALOG_COMPILER_GENERATE_SWIFT_ASSET_SYMBOL_EXTENSIONS = YES;
				CLANG_ANALYZER_NONNULL = YES;
				CLANG_ANALYZER_NUMBER_OBJECT_CONVERSION = YES_AGGRESSIVE;
				CLANG_CXX_LANGUAGE_STANDARD = "gnu++20";
				CLANG_ENABLE_MODULES = YES;
				CLANG_ENABLE_OBJC_ARC = YES;
				CLANG_ENABLE_OBJC_WEAK = YES;
				CLANG_WARN_BLOCK_CAPTURE_AUTORELEASING = YES;
				CLANG_WARN_BOOL_CONVERSION = YES;
				CLANG_WARN_COMMA = YES;
				CLANG_WARN_CONSTANT_CONVERSION = YES;
				CLANG_WARN_DEPRECATED_OBJC_IMPLEMENTATIONS = YES;
				CLANG_WARN_DIRECT_OBJC_ISA_USAGE = YES_ERROR;
				CLANG_WARN_DOCUMENTATION_COMMENTS = YES;
				CLANG_WARN_EMPTY_BODY = YES;
				CLANG_WARN_ENUM_CONVERSION = YES;
				CLANG_WARN_INFINITE_RECURSION = YES;
				CLANG_WARN_INT_CONVERSION = YES;
				CLANG_WARN_NON_LITERAL_NULL_CONVERSION = YES;
				CLANG_WARN_OBJC_IMPLICIT_RETAIN_SELF = YES;
				CLANG_WARN_OBJC_LITERAL_CONVERSION = YES;
				CLANG_WARN_OBJC_ROOT_CLASS = YES_ERROR;
				CLANG_WARN_QUOTED_INCLUDE_IN_FRAMEWORK_HEADER = YES;
				CLANG_WARN_RANGE_LOOP_ANALYSIS = YES;
				CLANG_WARN_STRICT_PROTOTYPES = YES;
				CLANG_WARN_SUSPICIOUS_MOVE = YES;
				CLANG_WARN_UNGUARDED_AVAILABILITY = YES_AGGRESSIVE;
				CLANG_WARN_UNREACHABLE_CODE = YES;
				CLANG_WARN__DUPLICATE_METHOD_MATCH = YES;
				COPY_PHASE_STRIP = NO;
				DEBUG_INFORMATION_FORMAT = "dwarf-with-dsym";
				ENABLE_NS_ASSERTIONS = NO;
				ENABLE_STRICT_OBJC_MSGSEND = YES;
				ENABLE_USER_SCRIPT_SANDBOXING = YES;
				GCC_C_LANGUAGE_STANDARD = gnu17;
				GCC_NO_COMMON_BLOCKS = YES;
				GCC_WARN_64_TO_32_BIT_CONVERSION = YES;
				GCC_WARN_ABOUT_RETURN_TYPE = YES_ERROR;
				GCC_WARN_UNDECLARED_SELECTOR = YES;
				GCC_WARN_UNINITIALIZED_AUTOS = YES_AGGRESSIVE;
				GCC_WARN_UNUSED_FUNCTION = YES;
				GCC_WARN_UNUSED_VARIABLE = YES;
				IPHONEOS_DEPLOYMENT_TARGET = 17.0;
				LOCALIZATION_PREFERS_STRING_CATALOGS = YES;
				MTL_ENABLE_DEBUG_INFO = NO;
				MTL_FAST_MATH = YES;
				SDKROOT = iphoneos;
				SWIFT_COMPILATION_MODE = wholemodule;
				VALIDATE_PRODUCT = YES;
			};
			name = Release;
		};
		63646DC92ABDA32300C0CD6E /* Debug */ = {
			isa = XCBuildConfiguration;
			buildSettings = {
				ASSETCATALOG_COMPILER_APPICON_NAME = AppIcon;
				ASSETCATALOG_COMPILER_GLOBAL_ACCENT_COLOR_NAME = AccentColor;
				CODE_SIGN_STYLE = Automatic;
				CURRENT_PROJECT_VERSION = 1;
				GENERATE_INFOPLIST_FILE = YES;
				INFOPLIST_FILE = PrimerProyecto/Info.plist;
				INFOPLIST_KEY_UIApplicationSupportsIndirectInputEvents = YES;
				INFOPLIST_KEY_UILaunchStoryboardName = LaunchScreen;
				INFOPLIST_KEY_UIMainStoryboardFile = Main;
				INFOPLIST_KEY_UISupportedInterfaceOrientations_iPad = "UIInterfaceOrientationPortrait UIInterfaceOrientationPortraitUpsideDown UIInterfaceOrientationLandscapeLeft UIInterfaceOrientationLandscapeRight";
				INFOPLIST_KEY_UISupportedInterfaceOrientations_iPhone = "UIInterfaceOrientationPortrait UIInterfaceOrientationLandscapeLeft UIInterfaceOrientationLandscapeRight";
				IPHONEOS_DEPLOYMENT_TARGET = 16.4;
				LD_RUNPATH_SEARCH_PATHS = (
					"$(inherited)",
					"@executable_path/Frameworks",
				);
				MARKETING_VERSION = 1.0;
				PRODUCT_BUNDLE_IDENTIFIER = "es.usal.smalvaro-usal.es.PrimerProyecto";
				PRODUCT_NAME = "$(TARGET_NAME)";
				SWIFT_EMIT_LOC_STRINGS = YES;
				SWIFT_VERSION = 5.0;
				TARGETED_DEVICE_FAMILY = "1,2";
			};
			name = Debug;
		};
		63646DCA2ABDA32300C0CD6E /* Release */ = {
			isa = XCBuildConfiguration;
			buildSettings = {
				ASSETCATALOG_COMPILER_APPICON_NAME = AppIcon;
				ASSETCATALOG_COMPILER_GLOBAL_ACCENT_COLOR_NAME = AccentColor;
				CODE_SIGN_STYLE = Automatic;
				CURRENT_PROJECT_VERSION = 1;
				GENERATE_INFOPLIST_FILE = YES;
				INFOPLIST_FILE = PrimerProyecto/Info.plist;
				INFOPLIST_KEY_UIApplicationSupportsIndirectInputEvents = YES;
				INFOPLIST_KEY_UILaunchStoryboardName = LaunchScreen;
				INFOPLIST_KEY_UIMainStoryboardFile = Main;
				INFOPLIST_KEY_UISupportedInterfaceOrientations_iPad = "UIInterfaceOrientationPortrait UIInterfaceOrientationPortraitUpsideDown UIInterfaceOrientationLandscapeLeft UIInterfaceOrientationLandscapeRight";
				INFOPLIST_KEY_UISupportedInterfaceOrientations_iPhone = "UIInterfaceOrientationPortrait UIInterfaceOrientationLandscapeLeft UIInterfaceOrientationLandscapeRight";
				IPHONEOS_DEPLOYMENT_TARGET = 16.4;
				LD_RUNPATH_SEARCH_PATHS = (
					"$(inherited)",
					"@executable_path/Frameworks",
				);
				MARKETING_VERSION = 1.0;
				PRODUCT_BUNDLE_IDENTIFIER = "es.usal.smalvaro-usal.es.PrimerProyecto";
				PRODUCT_NAME = "$(TARGET_NAME)";
				SWIFT_EMIT_LOC_STRINGS = YES;
				SWIFT_VERSION = 5.0;
				TARGETED_DEVICE_FAMILY = "1,2";
			};
			name = Release;
		};
		63646DCC2ABDA32300C0CD6E /* Debug */ = {
			isa = XCBuildConfiguration;
			buildSettings = {
				ALWAYS_EMBED_SWIFT_STANDARD_LIBRARIES = YES;
				BUNDLE_LOADER = "$(TEST_HOST)";
				CODE_SIGN_STYLE = Automatic;
				CURRENT_PROJECT_VERSION = 1;
				GENERATE_INFOPLIST_FILE = YES;
				IPHONEOS_DEPLOYMENT_TARGET = 17.0;
				MARKETING_VERSION = 1.0;
				PRODUCT_BUNDLE_IDENTIFIER = "es.usal.smalvaro-usal.es.PrimerProyectoTests";
				PRODUCT_NAME = "$(TARGET_NAME)";
				SWIFT_EMIT_LOC_STRINGS = NO;
				SWIFT_VERSION = 5.0;
				TARGETED_DEVICE_FAMILY = "1,2";
				TEST_HOST = "$(BUILT_PRODUCTS_DIR)/PrimerProyecto.app/$(BUNDLE_EXECUTABLE_FOLDER_PATH)/PrimerProyecto";
			};
			name = Debug;
		};
		63646DCD2ABDA32300C0CD6E /* Release */ = {
			isa = XCBuildConfiguration;
			buildSettings = {
				ALWAYS_EMBED_SWIFT_STANDARD_LIBRARIES = YES;
				BUNDLE_LOADER = "$(TEST_HOST)";
				CODE_SIGN_STYLE = Automatic;
				CURRENT_PROJECT_VERSION = 1;
				GENERATE_INFOPLIST_FILE = YES;
				IPHONEOS_DEPLOYMENT_TARGET = 17.0;
				MARKETING_VERSION = 1.0;
				PRODUCT_BUNDLE_IDENTIFIER = "es.usal.smalvaro-usal.es.PrimerProyectoTests";
				PRODUCT_NAME = "$(TARGET_NAME)";
				SWIFT_EMIT_LOC_STRINGS = NO;
				SWIFT_VERSION = 5.0;
				TARGETED_DEVICE_FAMILY = "1,2";
				TEST_HOST = "$(BUILT_PRODUCTS_DIR)/PrimerProyecto.app/$(BUNDLE_EXECUTABLE_FOLDER_PATH)/PrimerProyecto";
			};
			name = Release;
		};
		63646DCF2ABDA32300C0CD6E /* Debug */ = {
			isa = XCBuildConfiguration;
			buildSettings = {
				ALWAYS_EMBED_SWIFT_STANDARD_LIBRARIES = YES;
				CODE_SIGN_STYLE = Automatic;
				CURRENT_PROJECT_VERSION = 1;
				GENERATE_INFOPLIST_FILE = YES;
				MARKETING_VERSION = 1.0;
				PRODUCT_BUNDLE_IDENTIFIER = "es.usal.smalvaro-usal.es.PrimerProyectoUITests";
				PRODUCT_NAME = "$(TARGET_NAME)";
				SWIFT_EMIT_LOC_STRINGS = NO;
				SWIFT_VERSION = 5.0;
				TARGETED_DEVICE_FAMILY = "1,2";
				TEST_TARGET_NAME = PrimerProyecto;
			};
			name = Debug;
		};
		63646DD02ABDA32300C0CD6E /* Release */ = {
			isa = XCBuildConfiguration;
			buildSettings = {
				ALWAYS_EMBED_SWIFT_STANDARD_LIBRARIES = YES;
				CODE_SIGN_STYLE = Automatic;
				CURRENT_PROJECT_VERSION = 1;
				GENERATE_INFOPLIST_FILE = YES;
				MARKETING_VERSION = 1.0;
				PRODUCT_BUNDLE_IDENTIFIER = "es.usal.smalvaro-usal.es.PrimerProyectoUITests";
				PRODUCT_NAME = "$(TARGET_NAME)";
				SWIFT_EMIT_LOC_STRINGS = NO;
				SWIFT_VERSION = 5.0;
				TARGETED_DEVICE_FAMILY = "1,2";
				TEST_TARGET_NAME = PrimerProyecto;
			};
			name = Release;
		};
/* End XCBuildConfiguration section */

/* Begin XCConfigurationList section */
		63646D992ABDA32100C0CD6E /* Build configuration list for PBXProject "PrimerProyecto" */ = {
			isa = XCConfigurationList;
			buildConfigurations = (
				63646DC62ABDA32300C0CD6E /* Debug */,
				63646DC72ABDA32300C0CD6E /* Release */,
			);
			defaultConfigurationIsVisible = 0;
			defaultConfigurationName = Release;
		};
		63646DC82ABDA32300C0CD6E /* Build configuration list for PBXNativeTarget "PrimerProyecto" */ = {
			isa = XCConfigurationList;
			buildConfigurations = (
				63646DC92ABDA32300C0CD6E /* Debug */,
				63646DCA2ABDA32300C0CD6E /* Release */,
			);
			defaultConfigurationIsVisible = 0;
			defaultConfigurationName = Release;
		};
		63646DCB2ABDA32300C0CD6E /* Build configuration list for PBXNativeTarget "PrimerProyectoTests" */ = {
			isa = XCConfigurationList;
			buildConfigurations = (
				63646DCC2ABDA32300C0CD6E /* Debug */,
				63646DCD2ABDA32300C0CD6E /* Release */,
			);
			defaultConfigurationIsVisible = 0;
			defaultConfigurationName = Release;
		};
		63646DCE2ABDA32300C0CD6E /* Build configuration list for PBXNativeTarget "PrimerProyectoUITests" */ = {
			isa = XCConfigurationList;
			buildConfigurations = (
				63646DCF2ABDA32300C0CD6E /* Debug */,
				63646DD02ABDA32300C0CD6E /* Release */,
			);
			defaultConfigurationIsVisible = 0;
			defaultConfigurationName = Release;
		};
/* End XCConfigurationList section */
	};
	rootObject = 63646D962ABDA32100C0CD6E /* Project object */;
}
